// !$*UTF8*$!
{
	archiveVersion = 1;
	classes = {
	};
	objectVersion = 50;
	objects = {

/* Begin PBXBuildFile section */
		2602F8A4212A7FCC00A5D893 /* Scene5ViewController.swift in Sources */ = {isa = PBXBuildFile; fileRef = 2602F8A3212A7FCC00A5D893 /* Scene5ViewController.swift */; };
		263AF1F4212E5AB7000384A3 /* Scene9GoodViewController.swift in Sources */ = {isa = PBXBuildFile; fileRef = 263AF1F3212E5AB7000384A3 /* Scene9GoodViewController.swift */; };
		263AF1F6212E680F000384A3 /* Scene9BadViewController.swift in Sources */ = {isa = PBXBuildFile; fileRef = 263AF1F5212E680F000384A3 /* Scene9BadViewController.swift */; };
		263AF1F8212E7B44000384A3 /* Scene9GoodAViewController.swift in Sources */ = {isa = PBXBuildFile; fileRef = 263AF1F7212E7B44000384A3 /* Scene9GoodAViewController.swift */; };
		2658BD75212D6A180021E88A /* Scene8Choice1ViewController.swift in Sources */ = {isa = PBXBuildFile; fileRef = 2658BD74212D6A180021E88A /* Scene8Choice1ViewController.swift */; };
		2658BD77212D6A270021E88A /* Scene8Choice2ViewController.swift in Sources */ = {isa = PBXBuildFile; fileRef = 2658BD76212D6A270021E88A /* Scene8Choice2ViewController.swift */; };
		2658BD79212D736B0021E88A /* Scene8Choice1AViewController.swift in Sources */ = {isa = PBXBuildFile; fileRef = 2658BD78212D736B0021E88A /* Scene8Choice1AViewController.swift */; };
		267A996121232010008EDFD4 /* PTS76F.ttf in Resources */ = {isa = PBXBuildFile; fileRef = 267A99592123200F008EDFD4 /* PTS76F.ttf */; };
		267A996221232010008EDFD4 /* PTN57F.ttf in Resources */ = {isa = PBXBuildFile; fileRef = 267A995A21232010008EDFD4 /* PTN57F.ttf */; };
		267A996321232010008EDFD4 /* PTC55F.ttf in Resources */ = {isa = PBXBuildFile; fileRef = 267A995B21232010008EDFD4 /* PTC55F.ttf */; };
		267A996421232010008EDFD4 /* PTS55F.ttf in Resources */ = {isa = PBXBuildFile; fileRef = 267A995C21232010008EDFD4 /* PTS55F.ttf */; };
		267A996521232010008EDFD4 /* PTC75F.ttf in Resources */ = {isa = PBXBuildFile; fileRef = 267A995D21232010008EDFD4 /* PTC75F.ttf */; };
		267A996621232010008EDFD4 /* PTN77F.ttf in Resources */ = {isa = PBXBuildFile; fileRef = 267A995E21232010008EDFD4 /* PTN77F.ttf */; };
		267A996721232010008EDFD4 /* PTS56F.ttf in Resources */ = {isa = PBXBuildFile; fileRef = 267A995F21232010008EDFD4 /* PTS56F.ttf */; };
		267A996821232010008EDFD4 /* PTS75F.ttf in Resources */ = {isa = PBXBuildFile; fileRef = 267A996021232010008EDFD4 /* PTS75F.ttf */; };
		267A996A212323BF008EDFD4 /* kindergarten.ttf in Resources */ = {isa = PBXBuildFile; fileRef = 267A9969212323B7008EDFD4 /* kindergarten.ttf */; };
		26969086212BC73900429A04 /* Scene8ViewController.swift in Sources */ = {isa = PBXBuildFile; fileRef = 26969085212BC73900429A04 /* Scene8ViewController.swift */; };
		26E681D121294A0D00407F08 /* Scene6ViewController.swift in Sources */ = {isa = PBXBuildFile; fileRef = 26E681D021294A0D00407F08 /* Scene6ViewController.swift */; };
		26E681D321295FD100407F08 /* Scene6Choice1ViewController.swift in Sources */ = {isa = PBXBuildFile; fileRef = 26E681D221295FD100407F08 /* Scene6Choice1ViewController.swift */; };
		26E681D52129609500407F08 /* Scene6Choice2ViewController.swift in Sources */ = {isa = PBXBuildFile; fileRef = 26E681D42129609500407F08 /* Scene6Choice2ViewController.swift */; };
		26E681D72129681200407F08 /* Scene7ViewController.swift in Sources */ = {isa = PBXBuildFile; fileRef = 26E681D62129681200407F08 /* Scene7ViewController.swift */; };
		26E681D92129C23400407F08 /* Scene7Choice1ViewController.swift in Sources */ = {isa = PBXBuildFile; fileRef = 26E681D82129C23400407F08 /* Scene7Choice1ViewController.swift */; };
		26E681DB2129C25400407F08 /* Scene7Choice2ViewController.swift in Sources */ = {isa = PBXBuildFile; fileRef = 26E681DA2129C25400407F08 /* Scene7Choice2ViewController.swift */; };
		37A91540211C09300076AFFB /* bully_story.xcdatamodeld in Sources */ = {isa = PBXBuildFile; fileRef = 37A9153E211C09300076AFFB /* bully_story.xcdatamodeld */; };
		37A91545211C09310076AFFB /* LaunchScreen.storyboard in Resources */ = {isa = PBXBuildFile; fileRef = 37A91543211C09310076AFFB /* LaunchScreen.storyboard */; };
		37A91550211C09310076AFFB /* bully_storyTests.swift in Sources */ = {isa = PBXBuildFile; fileRef = 37A9154F211C09310076AFFB /* bully_storyTests.swift */; };
		37F43C7C213391CC006BAB09 /* CertificateViewController.swift in Sources */ = {isa = PBXBuildFile; fileRef = 37F43C7A213391CC006BAB09 /* CertificateViewController.swift */; };
		8509F62621281C9300362053 /* Global.swift in Sources */ = {isa = PBXBuildFile; fileRef = 8509F60D21281C9300362053 /* Global.swift */; };
		8509F62721281C9300362053 /* PuzzleViewController.xib in Resources */ = {isa = PBXBuildFile; fileRef = 8509F60E21281C9300362053 /* PuzzleViewController.xib */; };
		8509F62821281C9300362053 /* ActViewController.xib in Resources */ = {isa = PBXBuildFile; fileRef = 8509F60F21281C9300362053 /* ActViewController.xib */; };
		8509F62A21281C9300362053 /* InputNameViewController.xib in Resources */ = {isa = PBXBuildFile; fileRef = 8509F61121281C9300362053 /* InputNameViewController.xib */; };
		8509F62B21281C9300362053 /* Transitions.swift in Sources */ = {isa = PBXBuildFile; fileRef = 8509F61221281C9300362053 /* Transitions.swift */; };
		8509F62C21281C9300362053 /* ActViewController.swift in Sources */ = {isa = PBXBuildFile; fileRef = 8509F61321281C9300362053 /* ActViewController.swift */; };
		8509F62E21281C9300362053 /* PuzzleViewController.swift in Sources */ = {isa = PBXBuildFile; fileRef = 8509F61521281C9300362053 /* PuzzleViewController.swift */; };
		8509F62F21281C9300362053 /* InputNameViewController.swift in Sources */ = {isa = PBXBuildFile; fileRef = 8509F61621281C9300362053 /* InputNameViewController.swift */; };
		8509F63021281C9300362053 /* Helper.swift in Sources */ = {isa = PBXBuildFile; fileRef = 8509F61721281C9300362053 /* Helper.swift */; };
		8509F63121281C9300362053 /* DialogViewController.swift in Sources */ = {isa = PBXBuildFile; fileRef = 8509F61821281C9300362053 /* DialogViewController.swift */; };
		8509F63221281C9300362053 /* AppDelegate.swift in Sources */ = {isa = PBXBuildFile; fileRef = 8509F61921281C9300362053 /* AppDelegate.swift */; };
		8509F63321281C9300362053 /* Events.swift in Sources */ = {isa = PBXBuildFile; fileRef = 8509F61A21281C9300362053 /* Events.swift */; };
		8509F63421281C9300362053 /* wordList.txt in Resources */ = {isa = PBXBuildFile; fileRef = 8509F61B21281C9300362053 /* wordList.txt */; };
		8509F63521281C9300362053 /* StartViewController.swift in Sources */ = {isa = PBXBuildFile; fileRef = 8509F61C21281C9300362053 /* StartViewController.swift */; };
		8509F63621281C9300362053 /* Scene4ViewController.swift in Sources */ = {isa = PBXBuildFile; fileRef = 8509F61E21281C9300362053 /* Scene4ViewController.swift */; };
		8509F63721281C9300362053 /* Choice2ViewController.swift in Sources */ = {isa = PBXBuildFile; fileRef = 8509F61F21281C9300362053 /* Choice2ViewController.swift */; };
		8509F63821281C9300362053 /* Choice1ViewController.swift in Sources */ = {isa = PBXBuildFile; fileRef = 8509F62021281C9300362053 /* Choice1ViewController.swift */; };
		8509F63921281C9300362053 /* Scene1ViewController.swift in Sources */ = {isa = PBXBuildFile; fileRef = 8509F62121281C9300362053 /* Scene1ViewController.swift */; };
		8509F63A21281C9300362053 /* Scene3ViewController.swift in Sources */ = {isa = PBXBuildFile; fileRef = 8509F62221281C9300362053 /* Scene3ViewController.swift */; };
		8509F63C21281C9300362053 /* Scene2ViewController.swift in Sources */ = {isa = PBXBuildFile; fileRef = 8509F62421281C9300362053 /* Scene2ViewController.swift */; };
		8509F63D21281C9300362053 /* DialogAudioPlayer.swift in Sources */ = {isa = PBXBuildFile; fileRef = 8509F62521281C9300362053 /* DialogAudioPlayer.swift */; };
		8509F64121281EFC00362053 /* Main.storyboard in Resources */ = {isa = PBXBuildFile; fileRef = 37A9153B211C09300076AFFB /* Main.storyboard */; };
		8509F64321281FEC00362053 /* Assets.xcassets in Resources */ = {isa = PBXBuildFile; fileRef = 8509F64221281FEC00362053 /* Assets.xcassets */; };
		85182C9D2134DE9C00F61688 /* AboutUsViewController.swift in Sources */ = {isa = PBXBuildFile; fileRef = 85182C9C2134DE9C00F61688 /* AboutUsViewController.swift */; };
		853A51172129273C00388644 /* TypeWriter.swift in Sources */ = {isa = PBXBuildFile; fileRef = 853A51162129273C00388644 /* TypeWriter.swift */; };
		85B49B9F2132A1610092EFF9 /* FindItemImageView.swift in Sources */ = {isa = PBXBuildFile; fileRef = 85B49B9E2132A1610092EFF9 /* FindItemImageView.swift */; };
		85B49BA12132A16C0092EFF9 /* FindItemImageView.xib in Resources */ = {isa = PBXBuildFile; fileRef = 85B49BA02132A16C0092EFF9 /* FindItemImageView.xib */; };
		85D637D7212E5FA700A421C1 /* Scene5bViewController.swift in Sources */ = {isa = PBXBuildFile; fileRef = 85D637D6212E5FA700A421C1 /* Scene5bViewController.swift */; };
		85EDA300212D209600921363 /* HangmanViewController.xib in Resources */ = {isa = PBXBuildFile; fileRef = 85EDA2FE212D209600921363 /* HangmanViewController.xib */; };
		85EDA301212D209600921363 /* HangmanViewController.swift in Sources */ = {isa = PBXBuildFile; fileRef = 85EDA2FF212D209600921363 /* HangmanViewController.swift */; };
		85EDA304212D234E00921363 /* EraseGameViewController.xib in Resources */ = {isa = PBXBuildFile; fileRef = 85EDA302212D234D00921363 /* EraseGameViewController.xib */; };
		85EDA305212D234E00921363 /* EraseGameViewController.swift in Sources */ = {isa = PBXBuildFile; fileRef = 85EDA303212D234D00921363 /* EraseGameViewController.swift */; };
		85EDA308212D23AB00921363 /* FindItemViewController.swift in Sources */ = {isa = PBXBuildFile; fileRef = 85EDA306212D23AB00921363 /* FindItemViewController.swift */; };
		85EDA309212D23AB00921363 /* FindItemViewController.xib in Resources */ = {isa = PBXBuildFile; fileRef = 85EDA307212D23AB00921363 /* FindItemViewController.xib */; };
		85EDA30F212D3C8800921363 /* video_prologue.mp4 in Resources */ = {isa = PBXBuildFile; fileRef = 85EDA30E212D3C8800921363 /* video_prologue.mp4 */; };
		85EDA311212D4C3D00921363 /* Extensions.swift in Sources */ = {isa = PBXBuildFile; fileRef = 85EDA310212D4C3D00921363 /* Extensions.swift */; };
		A33F7BA4212FA28600523E4D /* RepetitiveViewController.swift in Sources */ = {isa = PBXBuildFile; fileRef = A33F7BA2212FA28600523E4D /* RepetitiveViewController.swift */; };
		A33F7BA5212FA28600523E4D /* RepetitiveViewController.xib in Resources */ = {isa = PBXBuildFile; fileRef = A33F7BA3212FA28600523E4D /* RepetitiveViewController.xib */; };
		A3DD25822132AC2A00DCE804 /* questionList.txt in Resources */ = {isa = PBXBuildFile; fileRef = A3DD25812132AC2A00DCE804 /* questionList.txt */; };
		A3DD25842133190000DCE804 /* ContinueViewController.swift in Sources */ = {isa = PBXBuildFile; fileRef = A3DD25832133190000DCE804 /* ContinueViewController.swift */; };
/* End PBXBuildFile section */

/* Begin PBXContainerItemProxy section */
		37A9154C211C09310076AFFB /* PBXContainerItemProxy */ = {
			isa = PBXContainerItemProxy;
			containerPortal = 37A9152C211C09300076AFFB /* Project object */;
			proxyType = 1;
			remoteGlobalIDString = 37A91533211C09300076AFFB;
			remoteInfo = "bully-story";
		};
/* End PBXContainerItemProxy section */

/* Begin PBXFileReference section */
		2602F8A3212A7FCC00A5D893 /* Scene5ViewController.swift */ = {isa = PBXFileReference; lastKnownFileType = sourcecode.swift; path = Scene5ViewController.swift; sourceTree = "<group>"; };
		263AF1F3212E5AB7000384A3 /* Scene9GoodViewController.swift */ = {isa = PBXFileReference; lastKnownFileType = sourcecode.swift; path = Scene9GoodViewController.swift; sourceTree = "<group>"; };
		263AF1F5212E680F000384A3 /* Scene9BadViewController.swift */ = {isa = PBXFileReference; lastKnownFileType = sourcecode.swift; path = Scene9BadViewController.swift; sourceTree = "<group>"; };
		263AF1F7212E7B44000384A3 /* Scene9GoodAViewController.swift */ = {isa = PBXFileReference; lastKnownFileType = sourcecode.swift; path = Scene9GoodAViewController.swift; sourceTree = "<group>"; };
		2658BD74212D6A180021E88A /* Scene8Choice1ViewController.swift */ = {isa = PBXFileReference; lastKnownFileType = sourcecode.swift; path = Scene8Choice1ViewController.swift; sourceTree = "<group>"; };
		2658BD76212D6A270021E88A /* Scene8Choice2ViewController.swift */ = {isa = PBXFileReference; lastKnownFileType = sourcecode.swift; path = Scene8Choice2ViewController.swift; sourceTree = "<group>"; };
		2658BD78212D736B0021E88A /* Scene8Choice1AViewController.swift */ = {isa = PBXFileReference; lastKnownFileType = sourcecode.swift; path = Scene8Choice1AViewController.swift; sourceTree = "<group>"; };
		267A99592123200F008EDFD4 /* PTS76F.ttf */ = {isa = PBXFileReference; lastKnownFileType = file; path = PTS76F.ttf; sourceTree = "<group>"; };
		267A995A21232010008EDFD4 /* PTN57F.ttf */ = {isa = PBXFileReference; lastKnownFileType = file; path = PTN57F.ttf; sourceTree = "<group>"; };
		267A995B21232010008EDFD4 /* PTC55F.ttf */ = {isa = PBXFileReference; lastKnownFileType = file; path = PTC55F.ttf; sourceTree = "<group>"; };
		267A995C21232010008EDFD4 /* PTS55F.ttf */ = {isa = PBXFileReference; lastKnownFileType = file; path = PTS55F.ttf; sourceTree = "<group>"; };
		267A995D21232010008EDFD4 /* PTC75F.ttf */ = {isa = PBXFileReference; lastKnownFileType = file; path = PTC75F.ttf; sourceTree = "<group>"; };
		267A995E21232010008EDFD4 /* PTN77F.ttf */ = {isa = PBXFileReference; lastKnownFileType = file; path = PTN77F.ttf; sourceTree = "<group>"; };
		267A995F21232010008EDFD4 /* PTS56F.ttf */ = {isa = PBXFileReference; lastKnownFileType = file; path = PTS56F.ttf; sourceTree = "<group>"; };
		267A996021232010008EDFD4 /* PTS75F.ttf */ = {isa = PBXFileReference; lastKnownFileType = file; path = PTS75F.ttf; sourceTree = "<group>"; };
		267A9969212323B7008EDFD4 /* kindergarten.ttf */ = {isa = PBXFileReference; lastKnownFileType = file; path = kindergarten.ttf; sourceTree = "<group>"; };
		26969085212BC73900429A04 /* Scene8ViewController.swift */ = {isa = PBXFileReference; lastKnownFileType = sourcecode.swift; path = Scene8ViewController.swift; sourceTree = "<group>"; };
		26E681D021294A0D00407F08 /* Scene6ViewController.swift */ = {isa = PBXFileReference; lastKnownFileType = sourcecode.swift; path = Scene6ViewController.swift; sourceTree = "<group>"; };
		26E681D221295FD100407F08 /* Scene6Choice1ViewController.swift */ = {isa = PBXFileReference; lastKnownFileType = sourcecode.swift; path = Scene6Choice1ViewController.swift; sourceTree = "<group>"; };
		26E681D42129609500407F08 /* Scene6Choice2ViewController.swift */ = {isa = PBXFileReference; lastKnownFileType = sourcecode.swift; path = Scene6Choice2ViewController.swift; sourceTree = "<group>"; };
		26E681D62129681200407F08 /* Scene7ViewController.swift */ = {isa = PBXFileReference; lastKnownFileType = sourcecode.swift; path = Scene7ViewController.swift; sourceTree = "<group>"; };
		26E681D82129C23400407F08 /* Scene7Choice1ViewController.swift */ = {isa = PBXFileReference; lastKnownFileType = sourcecode.swift; path = Scene7Choice1ViewController.swift; sourceTree = "<group>"; };
		26E681DA2129C25400407F08 /* Scene7Choice2ViewController.swift */ = {isa = PBXFileReference; lastKnownFileType = sourcecode.swift; path = Scene7Choice2ViewController.swift; sourceTree = "<group>"; };
		37A91534211C09300076AFFB /* bully-story.app */ = {isa = PBXFileReference; explicitFileType = wrapper.application; includeInIndex = 0; path = "bully-story.app"; sourceTree = BUILT_PRODUCTS_DIR; };
		37A9153C211C09300076AFFB /* Base */ = {isa = PBXFileReference; lastKnownFileType = file.storyboard; name = Base; path = Base.lproj/Main.storyboard; sourceTree = "<group>"; };
		37A9153F211C09300076AFFB /* bully_story.xcdatamodel */ = {isa = PBXFileReference; lastKnownFileType = wrapper.xcdatamodel; path = bully_story.xcdatamodel; sourceTree = "<group>"; };
		37A91544211C09310076AFFB /* Base */ = {isa = PBXFileReference; lastKnownFileType = file.storyboard; name = Base; path = Base.lproj/LaunchScreen.storyboard; sourceTree = "<group>"; };
		37A91546211C09310076AFFB /* Info.plist */ = {isa = PBXFileReference; lastKnownFileType = text.plist.xml; path = Info.plist; sourceTree = "<group>"; };
		37A9154B211C09310076AFFB /* bully-storyTests.xctest */ = {isa = PBXFileReference; explicitFileType = wrapper.cfbundle; includeInIndex = 0; path = "bully-storyTests.xctest"; sourceTree = BUILT_PRODUCTS_DIR; };
		37A9154F211C09310076AFFB /* bully_storyTests.swift */ = {isa = PBXFileReference; lastKnownFileType = sourcecode.swift; path = bully_storyTests.swift; sourceTree = "<group>"; };
		37A91551211C09310076AFFB /* Info.plist */ = {isa = PBXFileReference; lastKnownFileType = text.plist.xml; path = Info.plist; sourceTree = "<group>"; };
		37F43C7A213391CC006BAB09 /* CertificateViewController.swift */ = {isa = PBXFileReference; lastKnownFileType = sourcecode.swift; path = CertificateViewController.swift; sourceTree = "<group>"; };
		8509F60D21281C9300362053 /* Global.swift */ = {isa = PBXFileReference; fileEncoding = 4; lastKnownFileType = sourcecode.swift; path = Global.swift; sourceTree = "<group>"; };
		8509F60E21281C9300362053 /* PuzzleViewController.xib */ = {isa = PBXFileReference; fileEncoding = 4; lastKnownFileType = file.xib; path = PuzzleViewController.xib; sourceTree = "<group>"; };
		8509F60F21281C9300362053 /* ActViewController.xib */ = {isa = PBXFileReference; fileEncoding = 4; lastKnownFileType = file.xib; path = ActViewController.xib; sourceTree = "<group>"; };
		8509F61121281C9300362053 /* InputNameViewController.xib */ = {isa = PBXFileReference; fileEncoding = 4; lastKnownFileType = file.xib; path = InputNameViewController.xib; sourceTree = "<group>"; };
		8509F61221281C9300362053 /* Transitions.swift */ = {isa = PBXFileReference; fileEncoding = 4; lastKnownFileType = sourcecode.swift; path = Transitions.swift; sourceTree = "<group>"; };
		8509F61321281C9300362053 /* ActViewController.swift */ = {isa = PBXFileReference; fileEncoding = 4; lastKnownFileType = sourcecode.swift; path = ActViewController.swift; sourceTree = "<group>"; };
		8509F61521281C9300362053 /* PuzzleViewController.swift */ = {isa = PBXFileReference; fileEncoding = 4; lastKnownFileType = sourcecode.swift; path = PuzzleViewController.swift; sourceTree = "<group>"; };
		8509F61621281C9300362053 /* InputNameViewController.swift */ = {isa = PBXFileReference; fileEncoding = 4; lastKnownFileType = sourcecode.swift; path = InputNameViewController.swift; sourceTree = "<group>"; };
		8509F61721281C9300362053 /* Helper.swift */ = {isa = PBXFileReference; fileEncoding = 4; lastKnownFileType = sourcecode.swift; path = Helper.swift; sourceTree = "<group>"; };
		8509F61821281C9300362053 /* DialogViewController.swift */ = {isa = PBXFileReference; fileEncoding = 4; lastKnownFileType = sourcecode.swift; path = DialogViewController.swift; sourceTree = "<group>"; };
		8509F61921281C9300362053 /* AppDelegate.swift */ = {isa = PBXFileReference; fileEncoding = 4; lastKnownFileType = sourcecode.swift; path = AppDelegate.swift; sourceTree = "<group>"; };
		8509F61A21281C9300362053 /* Events.swift */ = {isa = PBXFileReference; fileEncoding = 4; lastKnownFileType = sourcecode.swift; path = Events.swift; sourceTree = "<group>"; };
		8509F61B21281C9300362053 /* wordList.txt */ = {isa = PBXFileReference; fileEncoding = 4; lastKnownFileType = text; path = wordList.txt; sourceTree = "<group>"; };
		8509F61C21281C9300362053 /* StartViewController.swift */ = {isa = PBXFileReference; fileEncoding = 4; lastKnownFileType = sourcecode.swift; path = StartViewController.swift; sourceTree = "<group>"; };
		8509F61E21281C9300362053 /* Scene4ViewController.swift */ = {isa = PBXFileReference; fileEncoding = 4; lastKnownFileType = sourcecode.swift; path = Scene4ViewController.swift; sourceTree = "<group>"; };
		8509F61F21281C9300362053 /* Choice2ViewController.swift */ = {isa = PBXFileReference; fileEncoding = 4; lastKnownFileType = sourcecode.swift; path = Choice2ViewController.swift; sourceTree = "<group>"; };
		8509F62021281C9300362053 /* Choice1ViewController.swift */ = {isa = PBXFileReference; fileEncoding = 4; lastKnownFileType = sourcecode.swift; path = Choice1ViewController.swift; sourceTree = "<group>"; };
		8509F62121281C9300362053 /* Scene1ViewController.swift */ = {isa = PBXFileReference; fileEncoding = 4; lastKnownFileType = sourcecode.swift; path = Scene1ViewController.swift; sourceTree = "<group>"; };
		8509F62221281C9300362053 /* Scene3ViewController.swift */ = {isa = PBXFileReference; fileEncoding = 4; lastKnownFileType = sourcecode.swift; path = Scene3ViewController.swift; sourceTree = "<group>"; };
		8509F62421281C9300362053 /* Scene2ViewController.swift */ = {isa = PBXFileReference; fileEncoding = 4; lastKnownFileType = sourcecode.swift; path = Scene2ViewController.swift; sourceTree = "<group>"; };
		8509F62521281C9300362053 /* DialogAudioPlayer.swift */ = {isa = PBXFileReference; fileEncoding = 4; lastKnownFileType = sourcecode.swift; path = DialogAudioPlayer.swift; sourceTree = "<group>"; };
		8509F64221281FEC00362053 /* Assets.xcassets */ = {isa = PBXFileReference; lastKnownFileType = folder.assetcatalog; path = Assets.xcassets; sourceTree = "<group>"; };
		85182C9C2134DE9C00F61688 /* AboutUsViewController.swift */ = {isa = PBXFileReference; lastKnownFileType = sourcecode.swift; path = AboutUsViewController.swift; sourceTree = "<group>"; };
		853A51162129273C00388644 /* TypeWriter.swift */ = {isa = PBXFileReference; lastKnownFileType = sourcecode.swift; path = TypeWriter.swift; sourceTree = "<group>"; };
		85B49B9E2132A1610092EFF9 /* FindItemImageView.swift */ = {isa = PBXFileReference; lastKnownFileType = sourcecode.swift; path = FindItemImageView.swift; sourceTree = "<group>"; };
		85B49BA02132A16C0092EFF9 /* FindItemImageView.xib */ = {isa = PBXFileReference; lastKnownFileType = file.xib; path = FindItemImageView.xib; sourceTree = "<group>"; };
		85D637D6212E5FA700A421C1 /* Scene5bViewController.swift */ = {isa = PBXFileReference; lastKnownFileType = sourcecode.swift; path = Scene5bViewController.swift; sourceTree = "<group>"; };
		85EDA2FE212D209600921363 /* HangmanViewController.xib */ = {isa = PBXFileReference; fileEncoding = 4; lastKnownFileType = file.xib; path = HangmanViewController.xib; sourceTree = "<group>"; };
		85EDA2FF212D209600921363 /* HangmanViewController.swift */ = {isa = PBXFileReference; fileEncoding = 4; lastKnownFileType = sourcecode.swift; path = HangmanViewController.swift; sourceTree = "<group>"; };
		85EDA302212D234D00921363 /* EraseGameViewController.xib */ = {isa = PBXFileReference; fileEncoding = 4; lastKnownFileType = file.xib; path = EraseGameViewController.xib; sourceTree = "<group>"; };
		85EDA303212D234D00921363 /* EraseGameViewController.swift */ = {isa = PBXFileReference; fileEncoding = 4; lastKnownFileType = sourcecode.swift; path = EraseGameViewController.swift; sourceTree = "<group>"; };
		85EDA306212D23AB00921363 /* FindItemViewController.swift */ = {isa = PBXFileReference; fileEncoding = 4; lastKnownFileType = sourcecode.swift; path = FindItemViewController.swift; sourceTree = "<group>"; };
		85EDA307212D23AB00921363 /* FindItemViewController.xib */ = {isa = PBXFileReference; fileEncoding = 4; lastKnownFileType = file.xib; path = FindItemViewController.xib; sourceTree = "<group>"; };
		85EDA30E212D3C8800921363 /* video_prologue.mp4 */ = {isa = PBXFileReference; lastKnownFileType = file; path = video_prologue.mp4; sourceTree = "<group>"; };
		85EDA310212D4C3D00921363 /* Extensions.swift */ = {isa = PBXFileReference; lastKnownFileType = sourcecode.swift; path = Extensions.swift; sourceTree = "<group>"; };
		A33F7BA2212FA28600523E4D /* RepetitiveViewController.swift */ = {isa = PBXFileReference; lastKnownFileType = sourcecode.swift; path = RepetitiveViewController.swift; sourceTree = "<group>"; };
		A33F7BA3212FA28600523E4D /* RepetitiveViewController.xib */ = {isa = PBXFileReference; lastKnownFileType = file.xib; path = RepetitiveViewController.xib; sourceTree = "<group>"; };
		A3DD25812132AC2A00DCE804 /* questionList.txt */ = {isa = PBXFileReference; lastKnownFileType = text; path = questionList.txt; sourceTree = "<group>"; };
		A3DD25832133190000DCE804 /* ContinueViewController.swift */ = {isa = PBXFileReference; lastKnownFileType = sourcecode.swift; path = ContinueViewController.swift; sourceTree = "<group>"; };
/* End PBXFileReference section */

/* Begin PBXFrameworksBuildPhase section */
		37A91531211C09300076AFFB /* Frameworks */ = {
			isa = PBXFrameworksBuildPhase;
			buildActionMask = 2147483647;
			files = (
			);
			runOnlyForDeploymentPostprocessing = 0;
		};
		37A91548211C09310076AFFB /* Frameworks */ = {
			isa = PBXFrameworksBuildPhase;
			buildActionMask = 2147483647;
			files = (
			);
			runOnlyForDeploymentPostprocessing = 0;
		};
/* End PBXFrameworksBuildPhase section */

/* Begin PBXGroup section */
		266D1D7C212528A5007BA438 /* Fonts */ = {
			isa = PBXGroup;
			children = (
				267A9969212323B7008EDFD4 /* kindergarten.ttf */,
				267A995B21232010008EDFD4 /* PTC55F.ttf */,
				267A995D21232010008EDFD4 /* PTC75F.ttf */,
				267A995A21232010008EDFD4 /* PTN57F.ttf */,
				267A995E21232010008EDFD4 /* PTN77F.ttf */,
				267A995C21232010008EDFD4 /* PTS55F.ttf */,
				267A995F21232010008EDFD4 /* PTS56F.ttf */,
				267A996021232010008EDFD4 /* PTS75F.ttf */,
				267A99592123200F008EDFD4 /* PTS76F.ttf */,
			);
			path = Fonts;
			sourceTree = "<group>";
		};
		37A9152B211C09300076AFFB = {
			isa = PBXGroup;
			children = (
				266D1D7C212528A5007BA438 /* Fonts */,
				37A91536211C09300076AFFB /* bully-story */,
				37A9154E211C09310076AFFB /* bully-storyTests */,
				37A91535211C09300076AFFB /* Products */,
			);
			sourceTree = "<group>";
		};
		37A91535211C09300076AFFB /* Products */ = {
			isa = PBXGroup;
			children = (
				37A91534211C09300076AFFB /* bully-story.app */,
				37A9154B211C09310076AFFB /* bully-storyTests.xctest */,
			);
			name = Products;
			sourceTree = "<group>";
		};
		37A91536211C09300076AFFB /* bully-story */ = {
			isa = PBXGroup;
			children = (
				8509F61921281C9300362053 /* AppDelegate.swift */,
				8509F60C21281C9300362053 /* Interactions */,
				8509F62521281C9300362053 /* DialogAudioPlayer.swift */,
				8509F61821281C9300362053 /* DialogViewController.swift */,
				8509F61C21281C9300362053 /* StartViewController.swift */,
				85182C9C2134DE9C00F61688 /* AboutUsViewController.swift */,
				A3DD25832133190000DCE804 /* ContinueViewController.swift */,
				8509F61A21281C9300362053 /* Events.swift */,
				8509F60D21281C9300362053 /* Global.swift */,
				853A51162129273C00388644 /* TypeWriter.swift */,
				8509F61D21281C9300362053 /* Scenes */,
				37F43C7A213391CC006BAB09 /* CertificateViewController.swift */,
				8509F61B21281C9300362053 /* wordList.txt */,
				A3DD25812132AC2A00DCE804 /* questionList.txt */,
				37A9153B211C09300076AFFB /* Main.storyboard */,
				37A91543211C09310076AFFB /* LaunchScreen.storyboard */,
				37A91546211C09310076AFFB /* Info.plist */,
				37A9153E211C09300076AFFB /* bully_story.xcdatamodeld */,
				8509F64221281FEC00362053 /* Assets.xcassets */,
				85EDA30E212D3C8800921363 /* video_prologue.mp4 */,
			);
			path = "bully-story";
			sourceTree = "<group>";
		};
		37A9154E211C09310076AFFB /* bully-storyTests */ = {
			isa = PBXGroup;
			children = (
				37A9154F211C09310076AFFB /* bully_storyTests.swift */,
				37A91551211C09310076AFFB /* Info.plist */,
			);
			path = "bully-storyTests";
			sourceTree = "<group>";
		};
		8509F60C21281C9300362053 /* Interactions */ = {
			isa = PBXGroup;
			children = (
				8509F60E21281C9300362053 /* PuzzleViewController.xib */,
				8509F60F21281C9300362053 /* ActViewController.xib */,
				8509F61121281C9300362053 /* InputNameViewController.xib */,
				85EDA2FE212D209600921363 /* HangmanViewController.xib */,
				85EDA302212D234D00921363 /* EraseGameViewController.xib */,
				85EDA307212D23AB00921363 /* FindItemViewController.xib */,
				85EDA303212D234D00921363 /* EraseGameViewController.swift */,
				85EDA306212D23AB00921363 /* FindItemViewController.swift */,
				85EDA2FF212D209600921363 /* HangmanViewController.swift */,
				8509F61321281C9300362053 /* ActViewController.swift */,
				8509F61521281C9300362053 /* PuzzleViewController.swift */,
				8509F61621281C9300362053 /* InputNameViewController.swift */,
				8509F61721281C9300362053 /* Helper.swift */,
				85EDA310212D4C3D00921363 /* Extensions.swift */,
				8509F61221281C9300362053 /* Transitions.swift */,
				A33F7BA2212FA28600523E4D /* RepetitiveViewController.swift */,
				A33F7BA3212FA28600523E4D /* RepetitiveViewController.xib */,
				85B49B9E2132A1610092EFF9 /* FindItemImageView.swift */,
				85B49BA02132A16C0092EFF9 /* FindItemImageView.xib */,
			);
			path = Interactions;
			sourceTree = "<group>";
		};
		8509F61D21281C9300362053 /* Scenes */ = {
			isa = PBXGroup;
			children = (
				8509F62121281C9300362053 /* Scene1ViewController.swift */,
				8509F62021281C9300362053 /* Choice1ViewController.swift */,
				8509F61F21281C9300362053 /* Choice2ViewController.swift */,
				8509F62421281C9300362053 /* Scene2ViewController.swift */,
				8509F62221281C9300362053 /* Scene3ViewController.swift */,
				8509F61E21281C9300362053 /* Scene4ViewController.swift */,
				2602F8A3212A7FCC00A5D893 /* Scene5ViewController.swift */,
				85D637D6212E5FA700A421C1 /* Scene5bViewController.swift */,
				26E681D021294A0D00407F08 /* Scene6ViewController.swift */,
				26E681D221295FD100407F08 /* Scene6Choice1ViewController.swift */,
				26E681D42129609500407F08 /* Scene6Choice2ViewController.swift */,
				26E681D62129681200407F08 /* Scene7ViewController.swift */,
				26E681D82129C23400407F08 /* Scene7Choice1ViewController.swift */,
				26E681DA2129C25400407F08 /* Scene7Choice2ViewController.swift */,
				26969085212BC73900429A04 /* Scene8ViewController.swift */,
				2658BD74212D6A180021E88A /* Scene8Choice1ViewController.swift */,
				2658BD78212D736B0021E88A /* Scene8Choice1AViewController.swift */,
				2658BD76212D6A270021E88A /* Scene8Choice2ViewController.swift */,
				263AF1F3212E5AB7000384A3 /* Scene9GoodViewController.swift */,
				263AF1F7212E7B44000384A3 /* Scene9GoodAViewController.swift */,
				263AF1F5212E680F000384A3 /* Scene9BadViewController.swift */,
			);
			path = Scenes;
			sourceTree = "<group>";
		};
/* End PBXGroup section */

/* Begin PBXNativeTarget section */
		37A91533211C09300076AFFB /* bully-story */ = {
			isa = PBXNativeTarget;
			buildConfigurationList = 37A91554211C09310076AFFB /* Build configuration list for PBXNativeTarget "bully-story" */;
			buildPhases = (
				37A91530211C09300076AFFB /* Sources */,
				37A91531211C09300076AFFB /* Frameworks */,
				37A91532211C09300076AFFB /* Resources */,
			);
			buildRules = (
			);
			dependencies = (
			);
			name = "bully-story";
			productName = "bully-story";
			productReference = 37A91534211C09300076AFFB /* bully-story.app */;
			productType = "com.apple.product-type.application";
		};
		37A9154A211C09310076AFFB /* bully-storyTests */ = {
			isa = PBXNativeTarget;
			buildConfigurationList = 37A91557211C09310076AFFB /* Build configuration list for PBXNativeTarget "bully-storyTests" */;
			buildPhases = (
				37A91547211C09310076AFFB /* Sources */,
				37A91548211C09310076AFFB /* Frameworks */,
				37A91549211C09310076AFFB /* Resources */,
			);
			buildRules = (
			);
			dependencies = (
				37A9154D211C09310076AFFB /* PBXTargetDependency */,
			);
			name = "bully-storyTests";
			productName = "bully-storyTests";
			productReference = 37A9154B211C09310076AFFB /* bully-storyTests.xctest */;
			productType = "com.apple.product-type.bundle.unit-test";
		};
/* End PBXNativeTarget section */

/* Begin PBXProject section */
		37A9152C211C09300076AFFB /* Project object */ = {
			isa = PBXProject;
			attributes = {
				LastSwiftUpdateCheck = 0940;
				LastUpgradeCheck = 0940;
				ORGANIZATIONNAME = "Yoshua Elmaryono";
				TargetAttributes = {
					37A91533211C09300076AFFB = {
						CreatedOnToolsVersion = 9.4.1;
						LastSwiftMigration = 0940;
					};
					37A9154A211C09310076AFFB = {
						CreatedOnToolsVersion = 9.4.1;
						TestTargetID = 37A91533211C09300076AFFB;
					};
				};
			};
			buildConfigurationList = 37A9152F211C09300076AFFB /* Build configuration list for PBXProject "bully-story" */;
			compatibilityVersion = "Xcode 9.3";
			developmentRegion = en;
			hasScannedForEncodings = 0;
			knownRegions = (
				en,
				Base,
			);
			mainGroup = 37A9152B211C09300076AFFB;
			productRefGroup = 37A91535211C09300076AFFB /* Products */;
			projectDirPath = "";
			projectRoot = "";
			targets = (
				37A91533211C09300076AFFB /* bully-story */,
				37A9154A211C09310076AFFB /* bully-storyTests */,
			);
		};
/* End PBXProject section */

/* Begin PBXResourcesBuildPhase section */
		37A91532211C09300076AFFB /* Resources */ = {
			isa = PBXResourcesBuildPhase;
			buildActionMask = 2147483647;
			files = (
				85B49BA12132A16C0092EFF9 /* FindItemImageView.xib in Resources */,
				37A91545211C09310076AFFB /* LaunchScreen.storyboard in Resources */,
				A33F7BA5212FA28600523E4D /* RepetitiveViewController.xib in Resources */,
				8509F63421281C9300362053 /* wordList.txt in Resources */,
				A3DD25822132AC2A00DCE804 /* questionList.txt in Resources */,
				267A996A212323BF008EDFD4 /* kindergarten.ttf in Resources */,
				85EDA300212D209600921363 /* HangmanViewController.xib in Resources */,
				267A996521232010008EDFD4 /* PTC75F.ttf in Resources */,
				267A996721232010008EDFD4 /* PTS56F.ttf in Resources */,
				8509F64121281EFC00362053 /* Main.storyboard in Resources */,
				8509F64321281FEC00362053 /* Assets.xcassets in Resources */,
				267A996121232010008EDFD4 /* PTS76F.ttf in Resources */,
				267A996321232010008EDFD4 /* PTC55F.ttf in Resources */,
				267A996421232010008EDFD4 /* PTS55F.ttf in Resources */,
				8509F62721281C9300362053 /* PuzzleViewController.xib in Resources */,
				8509F62821281C9300362053 /* ActViewController.xib in Resources */,
				85EDA309212D23AB00921363 /* FindItemViewController.xib in Resources */,
				267A996221232010008EDFD4 /* PTN57F.ttf in Resources */,
				8509F62A21281C9300362053 /* InputNameViewController.xib in Resources */,
				267A996621232010008EDFD4 /* PTN77F.ttf in Resources */,
				267A996821232010008EDFD4 /* PTS75F.ttf in Resources */,
				85EDA30F212D3C8800921363 /* video_prologue.mp4 in Resources */,
				85EDA304212D234E00921363 /* EraseGameViewController.xib in Resources */,
			);
			runOnlyForDeploymentPostprocessing = 0;
		};
		37A91549211C09310076AFFB /* Resources */ = {
			isa = PBXResourcesBuildPhase;
			buildActionMask = 2147483647;
			files = (
			);
			runOnlyForDeploymentPostprocessing = 0;
		};
/* End PBXResourcesBuildPhase section */

/* Begin PBXSourcesBuildPhase section */
		37A91530211C09300076AFFB /* Sources */ = {
			isa = PBXSourcesBuildPhase;
			buildActionMask = 2147483647;
			files = (
				85B49B9F2132A1610092EFF9 /* FindItemImageView.swift in Sources */,
				8509F62B21281C9300362053 /* Transitions.swift in Sources */,
				8509F63621281C9300362053 /* Scene4ViewController.swift in Sources */,
				26E681D92129C23400407F08 /* Scene7Choice1ViewController.swift in Sources */,
				85D637D7212E5FA700A421C1 /* Scene5bViewController.swift in Sources */,
				2602F8A4212A7FCC00A5D893 /* Scene5ViewController.swift in Sources */,
				8509F63321281C9300362053 /* Events.swift in Sources */,
				8509F63921281C9300362053 /* Scene1ViewController.swift in Sources */,
				37F43C7C213391CC006BAB09 /* CertificateViewController.swift in Sources */,
				A33F7BA4212FA28600523E4D /* RepetitiveViewController.swift in Sources */,
				85EDA308212D23AB00921363 /* FindItemViewController.swift in Sources */,
				8509F62C21281C9300362053 /* ActViewController.swift in Sources */,
				8509F63D21281C9300362053 /* DialogAudioPlayer.swift in Sources */,
				A3DD25842133190000DCE804 /* ContinueViewController.swift in Sources */,
				85EDA305212D234E00921363 /* EraseGameViewController.swift in Sources */,
				853A51172129273C00388644 /* TypeWriter.swift in Sources */,
				263AF1F8212E7B44000384A3 /* Scene9GoodAViewController.swift in Sources */,
				8509F62621281C9300362053 /* Global.swift in Sources */,
				263AF1F4212E5AB7000384A3 /* Scene9GoodViewController.swift in Sources */,
				85182C9D2134DE9C00F61688 /* AboutUsViewController.swift in Sources */,
				37A91540211C09300076AFFB /* bully_story.xcdatamodeld in Sources */,
				26969086212BC73900429A04 /* Scene8ViewController.swift in Sources */,
				8509F63A21281C9300362053 /* Scene3ViewController.swift in Sources */,
				2658BD77212D6A270021E88A /* Scene8Choice2ViewController.swift in Sources */,
				8509F63521281C9300362053 /* StartViewController.swift in Sources */,
				8509F62F21281C9300362053 /* InputNameViewController.swift in Sources */,
				26E681D121294A0D00407F08 /* Scene6ViewController.swift in Sources */,
				26E681DB2129C25400407F08 /* Scene7Choice2ViewController.swift in Sources */,
				263AF1F6212E680F000384A3 /* Scene9BadViewController.swift in Sources */,
				8509F63721281C9300362053 /* Choice2ViewController.swift in Sources */,
				85EDA301212D209600921363 /* HangmanViewController.swift in Sources */,
				2658BD79212D736B0021E88A /* Scene8Choice1AViewController.swift in Sources */,
				8509F63121281C9300362053 /* DialogViewController.swift in Sources */,
				8509F63821281C9300362053 /* Choice1ViewController.swift in Sources */,
				26E681D72129681200407F08 /* Scene7ViewController.swift in Sources */,
				2658BD75212D6A180021E88A /* Scene8Choice1ViewController.swift in Sources */,
				8509F63C21281C9300362053 /* Scene2ViewController.swift in Sources */,
				8509F62E21281C9300362053 /* PuzzleViewController.swift in Sources */,
				26E681D321295FD100407F08 /* Scene6Choice1ViewController.swift in Sources */,
				26E681D52129609500407F08 /* Scene6Choice2ViewController.swift in Sources */,
				8509F63221281C9300362053 /* AppDelegate.swift in Sources */,
				85EDA311212D4C3D00921363 /* Extensions.swift in Sources */,
				8509F63021281C9300362053 /* Helper.swift in Sources */,
			);
			runOnlyForDeploymentPostprocessing = 0;
		};
		37A91547211C09310076AFFB /* Sources */ = {
			isa = PBXSourcesBuildPhase;
			buildActionMask = 2147483647;
			files = (
				37A91550211C09310076AFFB /* bully_storyTests.swift in Sources */,
			);
			runOnlyForDeploymentPostprocessing = 0;
		};
/* End PBXSourcesBuildPhase section */

/* Begin PBXTargetDependency section */
		37A9154D211C09310076AFFB /* PBXTargetDependency */ = {
			isa = PBXTargetDependency;
			target = 37A91533211C09300076AFFB /* bully-story */;
			targetProxy = 37A9154C211C09310076AFFB /* PBXContainerItemProxy */;
		};
/* End PBXTargetDependency section */

/* Begin PBXVariantGroup section */
		37A9153B211C09300076AFFB /* Main.storyboard */ = {
			isa = PBXVariantGroup;
			children = (
				37A9153C211C09300076AFFB /* Base */,
			);
			name = Main.storyboard;
			sourceTree = "<group>";
		};
		37A91543211C09310076AFFB /* LaunchScreen.storyboard */ = {
			isa = PBXVariantGroup;
			children = (
				37A91544211C09310076AFFB /* Base */,
			);
			name = LaunchScreen.storyboard;
			sourceTree = "<group>";
		};
/* End PBXVariantGroup section */

/* Begin XCBuildConfiguration section */
		37A91552211C09310076AFFB /* Debug */ = {
			isa = XCBuildConfiguration;
			buildSettings = {
				ALWAYS_SEARCH_USER_PATHS = NO;
				CLANG_ANALYZER_NONNULL = YES;
				CLANG_ANALYZER_NUMBER_OBJECT_CONVERSION = YES_AGGRESSIVE;
				CLANG_CXX_LANGUAGE_STANDARD = "gnu++14";
				CLANG_CXX_LIBRARY = "libc++";
				CLANG_ENABLE_MODULES = YES;
				CLANG_ENABLE_OBJC_ARC = YES;
				CLANG_ENABLE_OBJC_WEAK = YES;
				CLANG_WARN_BLOCK_CAPTURE_AUTORELEASING = YES;
				CLANG_WARN_BOOL_CONVERSION = YES;
				CLANG_WARN_COMMA = YES;
				CLANG_WARN_CONSTANT_CONVERSION = YES;
				CLANG_WARN_DEPRECATED_OBJC_IMPLEMENTATIONS = YES;
				CLANG_WARN_DIRECT_OBJC_ISA_USAGE = YES_ERROR;
				CLANG_WARN_DOCUMENTATION_COMMENTS = YES;
				CLANG_WARN_EMPTY_BODY = YES;
				CLANG_WARN_ENUM_CONVERSION = YES;
				CLANG_WARN_INFINITE_RECURSION = YES;
				CLANG_WARN_INT_CONVERSION = YES;
				CLANG_WARN_NON_LITERAL_NULL_CONVERSION = YES;
				CLANG_WARN_OBJC_IMPLICIT_RETAIN_SELF = YES;
				CLANG_WARN_OBJC_LITERAL_CONVERSION = YES;
				CLANG_WARN_OBJC_ROOT_CLASS = YES_ERROR;
				CLANG_WARN_RANGE_LOOP_ANALYSIS = YES;
				CLANG_WARN_STRICT_PROTOTYPES = YES;
				CLANG_WARN_SUSPICIOUS_MOVE = YES;
				CLANG_WARN_UNGUARDED_AVAILABILITY = YES_AGGRESSIVE;
				CLANG_WARN_UNREACHABLE_CODE = YES;
				CLANG_WARN__DUPLICATE_METHOD_MATCH = YES;
				CODE_SIGN_IDENTITY = "iPhone Developer";
				COPY_PHASE_STRIP = NO;
				DEBUG_INFORMATION_FORMAT = dwarf;
				ENABLE_STRICT_OBJC_MSGSEND = YES;
				ENABLE_TESTABILITY = YES;
				GCC_C_LANGUAGE_STANDARD = gnu11;
				GCC_DYNAMIC_NO_PIC = NO;
				GCC_NO_COMMON_BLOCKS = YES;
				GCC_OPTIMIZATION_LEVEL = 0;
				GCC_PREPROCESSOR_DEFINITIONS = (
					"DEBUG=1",
					"$(inherited)",
				);
				GCC_WARN_64_TO_32_BIT_CONVERSION = YES;
				GCC_WARN_ABOUT_RETURN_TYPE = YES_ERROR;
				GCC_WARN_UNDECLARED_SELECTOR = YES;
				GCC_WARN_UNINITIALIZED_AUTOS = YES_AGGRESSIVE;
				GCC_WARN_UNUSED_FUNCTION = YES;
				GCC_WARN_UNUSED_VARIABLE = YES;
				IPHONEOS_DEPLOYMENT_TARGET = 11.4;
				MTL_ENABLE_DEBUG_INFO = YES;
				ONLY_ACTIVE_ARCH = YES;
				SDKROOT = iphoneos;
				SWIFT_ACTIVE_COMPILATION_CONDITIONS = DEBUG;
				SWIFT_OPTIMIZATION_LEVEL = "-Onone";
			};
			name = Debug;
		};
		37A91553211C09310076AFFB /* Release */ = {
			isa = XCBuildConfiguration;
			buildSettings = {
				ALWAYS_SEARCH_USER_PATHS = NO;
				CLANG_ANALYZER_NONNULL = YES;
				CLANG_ANALYZER_NUMBER_OBJECT_CONVERSION = YES_AGGRESSIVE;
				CLANG_CXX_LANGUAGE_STANDARD = "gnu++14";
				CLANG_CXX_LIBRARY = "libc++";
				CLANG_ENABLE_MODULES = YES;
				CLANG_ENABLE_OBJC_ARC = YES;
				CLANG_ENABLE_OBJC_WEAK = YES;
				CLANG_WARN_BLOCK_CAPTURE_AUTORELEASING = YES;
				CLANG_WARN_BOOL_CONVERSION = YES;
				CLANG_WARN_COMMA = YES;
				CLANG_WARN_CONSTANT_CONVERSION = YES;
				CLANG_WARN_DEPRECATED_OBJC_IMPLEMENTATIONS = YES;
				CLANG_WARN_DIRECT_OBJC_ISA_USAGE = YES_ERROR;
				CLANG_WARN_DOCUMENTATION_COMMENTS = YES;
				CLANG_WARN_EMPTY_BODY = YES;
				CLANG_WARN_ENUM_CONVERSION = YES;
				CLANG_WARN_INFINITE_RECURSION = YES;
				CLANG_WARN_INT_CONVERSION = YES;
				CLANG_WARN_NON_LITERAL_NULL_CONVERSION = YES;
				CLANG_WARN_OBJC_IMPLICIT_RETAIN_SELF = YES;
				CLANG_WARN_OBJC_LITERAL_CONVERSION = YES;
				CLANG_WARN_OBJC_ROOT_CLASS = YES_ERROR;
				CLANG_WARN_RANGE_LOOP_ANALYSIS = YES;
				CLANG_WARN_STRICT_PROTOTYPES = YES;
				CLANG_WARN_SUSPICIOUS_MOVE = YES;
				CLANG_WARN_UNGUARDED_AVAILABILITY = YES_AGGRESSIVE;
				CLANG_WARN_UNREACHABLE_CODE = YES;
				CLANG_WARN__DUPLICATE_METHOD_MATCH = YES;
				CODE_SIGN_IDENTITY = "iPhone Developer";
				COPY_PHASE_STRIP = NO;
				DEBUG_INFORMATION_FORMAT = "dwarf-with-dsym";
				ENABLE_NS_ASSERTIONS = NO;
				ENABLE_STRICT_OBJC_MSGSEND = YES;
				GCC_C_LANGUAGE_STANDARD = gnu11;
				GCC_NO_COMMON_BLOCKS = YES;
				GCC_WARN_64_TO_32_BIT_CONVERSION = YES;
				GCC_WARN_ABOUT_RETURN_TYPE = YES_ERROR;
				GCC_WARN_UNDECLARED_SELECTOR = YES;
				GCC_WARN_UNINITIALIZED_AUTOS = YES_AGGRESSIVE;
				GCC_WARN_UNUSED_FUNCTION = YES;
				GCC_WARN_UNUSED_VARIABLE = YES;
				IPHONEOS_DEPLOYMENT_TARGET = 11.4;
				MTL_ENABLE_DEBUG_INFO = NO;
				SDKROOT = iphoneos;
				SWIFT_COMPILATION_MODE = wholemodule;
				SWIFT_OPTIMIZATION_LEVEL = "-O";
				VALIDATE_PRODUCT = YES;
			};
			name = Release;
		};
		37A91555211C09310076AFFB /* Debug */ = {
			isa = XCBuildConfiguration;
			buildSettings = {
				ASSETCATALOG_COMPILER_APPICON_NAME = AppIcon;
				CLANG_ENABLE_MODULES = YES;
				CODE_SIGN_STYLE = Automatic;
				DEVELOPMENT_TEAM = GS5B2M7L38;
				INFOPLIST_FILE = "bully-story/Info.plist";
				LD_RUNPATH_SEARCH_PATHS = (
					"$(inherited)",
					"@executable_path/Frameworks",
				);
				PRODUCT_BUNDLE_IDENTIFIER = "appleacademy.bully-story";
				PRODUCT_NAME = "$(TARGET_NAME)";
				SWIFT_OPTIMIZATION_LEVEL = "-Onone";
				SWIFT_VERSION = 4.0;
				TARGETED_DEVICE_FAMILY = "1,2";
			};
			name = Debug;
		};
		37A91556211C09310076AFFB /* Release */ = {
			isa = XCBuildConfiguration;
			buildSettings = {
				ASSETCATALOG_COMPILER_APPICON_NAME = AppIcon;
				CLANG_ENABLE_MODULES = YES;
				CODE_SIGN_STYLE = Automatic;
				DEVELOPMENT_TEAM = GS5B2M7L38;
				INFOPLIST_FILE = "bully-story/Info.plist";
				LD_RUNPATH_SEARCH_PATHS = (
					"$(inherited)",
					"@executable_path/Frameworks",
				);
				PRODUCT_BUNDLE_IDENTIFIER = "appleacademy.bully-story";
				PRODUCT_NAME = "$(TARGET_NAME)";
				SWIFT_VERSION = 4.0;
				TARGETED_DEVICE_FAMILY = "1,2";
			};
			name = Release;
		};
		37A91558211C09310076AFFB /* Debug */ = {
			isa = XCBuildConfiguration;
			buildSettings = {
				ALWAYS_EMBED_SWIFT_STANDARD_LIBRARIES = YES;
				BUNDLE_LOADER = "$(TEST_HOST)";
				CODE_SIGN_STYLE = Automatic;
				DEVELOPMENT_TEAM = N55A3MSD3W;
				INFOPLIST_FILE = "bully-storyTests/Info.plist";
				LD_RUNPATH_SEARCH_PATHS = (
					"$(inherited)",
					"@executable_path/Frameworks",
					"@loader_path/Frameworks",
				);
				PRODUCT_BUNDLE_IDENTIFIER = "yoshua-elmaryono.bully-storyTests";
				PRODUCT_NAME = "$(TARGET_NAME)";
				SWIFT_VERSION = 4.0;
				TARGETED_DEVICE_FAMILY = "1,2";
				TEST_HOST = "$(BUILT_PRODUCTS_DIR)/bully-story.app/bully-story";
			};
			name = Debug;
		};
		37A91559211C09310076AFFB /* Release */ = {
			isa = XCBuildConfiguration;
			buildSettings = {
				ALWAYS_EMBED_SWIFT_STANDARD_LIBRARIES = YES;
				BUNDLE_LOADER = "$(TEST_HOST)";
				CODE_SIGN_STYLE = Automatic;
				DEVELOPMENT_TEAM = N55A3MSD3W;
				INFOPLIST_FILE = "bully-storyTests/Info.plist";
				LD_RUNPATH_SEARCH_PATHS = (
					"$(inherited)",
					"@executable_path/Frameworks",
					"@loader_path/Frameworks",
				);
				PRODUCT_BUNDLE_IDENTIFIER = "yoshua-elmaryono.bully-storyTests";
				PRODUCT_NAME = "$(TARGET_NAME)";
				SWIFT_VERSION = 4.0;
				TARGETED_DEVICE_FAMILY = "1,2";
				TEST_HOST = "$(BUILT_PRODUCTS_DIR)/bully-story.app/bully-story";
			};
			name = Release;
		};
/* End XCBuildConfiguration section */

/* Begin XCConfigurationList section */
		37A9152F211C09300076AFFB /* Build configuration list for PBXProject "bully-story" */ = {
			isa = XCConfigurationList;
			buildConfigurations = (
				37A91552211C09310076AFFB /* Debug */,
				37A91553211C09310076AFFB /* Release */,
			);
			defaultConfigurationIsVisible = 0;
			defaultConfigurationName = Release;
		};
		37A91554211C09310076AFFB /* Build configuration list for PBXNativeTarget "bully-story" */ = {
			isa = XCConfigurationList;
			buildConfigurations = (
				37A91555211C09310076AFFB /* Debug */,
				37A91556211C09310076AFFB /* Release */,
			);
			defaultConfigurationIsVisible = 0;
			defaultConfigurationName = Release;
		};
		37A91557211C09310076AFFB /* Build configuration list for PBXNativeTarget "bully-storyTests" */ = {
			isa = XCConfigurationList;
			buildConfigurations = (
				37A91558211C09310076AFFB /* Debug */,
				37A91559211C09310076AFFB /* Release */,
			);
			defaultConfigurationIsVisible = 0;
			defaultConfigurationName = Release;
		};
/* End XCConfigurationList section */

/* Begin XCVersionGroup section */
		37A9153E211C09300076AFFB /* bully_story.xcdatamodeld */ = {
			isa = XCVersionGroup;
			children = (
				37A9153F211C09300076AFFB /* bully_story.xcdatamodel */,
			);
			currentVersion = 37A9153F211C09300076AFFB /* bully_story.xcdatamodel */;
			path = bully_story.xcdatamodeld;
			sourceTree = "<group>";
			versionGroupType = wrapper.xcdatamodel;
		};
/* End XCVersionGroup section */
	};
	rootObject = 37A9152C211C09300076AFFB /* Project object */;
}
